{
  "lockfileVersion": 1,
  "workspaces": {
    "": {
      "name": "b2bmobile",
      "dependencies": {
        "@hono/trpc-server": "^0.3.4",
        "@prisma/client": "^6.8.2",
        "@tanstack/react-query": "^5.76.1",
        "@trpc/client": "^11.1.2",
        "@trpc/server": "^11.1.2",
        "hono": "^4.7.9",
        "prisma": "^6.8.2",
        "react": "^19.1.0",
        "react-dom": "^19.1.0",
        "react-router-dom": "7",
        "tailwindcss": "^4.1.7",
        "ulidx": "^2.4.1",
        "zod": "^3.24.4",
      },
      "devDependencies": {
        "@types/bun": "latest",
      },
      "peerDependencies": {
        "typescript": "^5",
      },
    },
  },
  "packages": {
    "@hono/trpc-server": ["@hono/trpc-server@0.3.4", "", { "peerDependencies": { "@trpc/server": "^10.10.0 || >11.0.0-rc", "hono": ">=4.*" } }, "sha512-xFOPjUPnII70FgicDzOJy1ufIoBTu8eF578zGiDOrYOrYN8CJe140s9buzuPkX+SwJRYK8LjEBHywqZtxdm8aA=="],

    "@prisma/client": ["@prisma/client@6.8.2", "", { "peerDependencies": { "prisma": "*", "typescript": ">=5.1.0" }, "optionalPeers": ["prisma", "typescript"] }, "sha512-5II+vbyzv4si6Yunwgkj0qT/iY0zyspttoDrL3R4BYgLdp42/d2C8xdi9vqkrYtKt9H32oFIukvyw3Koz5JoDg=="],

    "@prisma/config": ["@prisma/config@6.8.2", "", { "dependencies": { "jiti": "2.4.2" } }, "sha512-ZJY1fF4qRBPdLQ/60wxNtX+eu89c3AkYEcP7L3jkp0IPXCNphCYxikTg55kPJLDOG6P0X+QG5tCv6CmsBRZWFQ=="],

    "@prisma/debug": ["@prisma/debug@6.8.2", "", {}, "sha512-4muBSSUwJJ9BYth5N8tqts8JtiLT8QI/RSAzEogwEfpbYGFo9mYsInsVo8dqXdPO2+Rm5OG5q0qWDDE3nyUbVg=="],

    "@prisma/engines": ["@prisma/engines@6.8.2", "", { "dependencies": { "@prisma/debug": "6.8.2", "@prisma/engines-version": "6.8.0-43.2060c79ba17c6bb9f5823312b6f6b7f4a845738e", "@prisma/fetch-engine": "6.8.2", "@prisma/get-platform": "6.8.2" } }, "sha512-XqAJ//LXjqYRQ1RRabs79KOY4+v6gZOGzbcwDQl0D6n9WBKjV7qdrbd042CwSK0v0lM9MSHsbcFnU2Yn7z8Zlw=="],

    "@prisma/engines-version": ["@prisma/engines-version@6.8.0-43.2060c79ba17c6bb9f5823312b6f6b7f4a845738e", "", {}, "sha512-Rkik9lMyHpFNGaLpPF3H5q5TQTkm/aE7DsGM5m92FZTvWQsvmi6Va8On3pWvqLHOt5aPUvFb/FeZTmphI4CPiQ=="],

    "@prisma/fetch-engine": ["@prisma/fetch-engine@6.8.2", "", { "dependencies": { "@prisma/debug": "6.8.2", "@prisma/engines-version": "6.8.0-43.2060c79ba17c6bb9f5823312b6f6b7f4a845738e", "@prisma/get-platform": "6.8.2" } }, "sha512-lCvikWOgaLOfqXGacEKSNeenvj0n3qR5QvZUOmPE2e1Eh8cMYSobxonCg9rqM6FSdTfbpqp9xwhSAOYfNqSW0g=="],

    "@prisma/get-platform": ["@prisma/get-platform@6.8.2", "", { "dependencies": { "@prisma/debug": "6.8.2" } }, "sha512-vXSxyUgX3vm1Q70QwzwkjeYfRryIvKno1SXbIqwSptKwqKzskINnDUcx85oX+ys6ooN2ATGSD0xN2UTfg6Zcow=="],

    "@tanstack/query-core": ["@tanstack/query-core@5.76.0", "", {}, "sha512-FN375hb8ctzfNAlex5gHI6+WDXTNpe0nbxp/d2YJtnP+IBM6OUm7zcaoCW6T63BawGOYZBbKC0iPvr41TteNVg=="],

    "@tanstack/react-query": ["@tanstack/react-query@5.76.1", "", { "dependencies": { "@tanstack/query-core": "5.76.0" }, "peerDependencies": { "react": "^18 || ^19" } }, "sha512-YxdLZVGN4QkT5YT1HKZQWiIlcgauIXEIsMOTSjvyD5wLYK8YVvKZUPAysMqossFJJfDpJW3pFn7WNZuPOqq+fw=="],

    "@trpc/client": ["@trpc/client@11.1.2", "", { "peerDependencies": { "@trpc/server": "11.1.2", "typescript": ">=5.7.2" } }, "sha512-RpifJOAv+ql9gF3oafa3dLCF01AzWu2DzejvehAPG2IlwHxopKoYXaImJ8zPwRkZokuWiKz5v65HjElmi8TlrQ=="],

    "@trpc/server": ["@trpc/server@11.1.2", "", { "peerDependencies": { "typescript": ">=5.7.2" } }, "sha512-Oi9zWHG0ZDkbDo4sYkduoV7q4sIe6UwjrRLC91vNMYQK+PVgpbTCmK1laRwewAGu0zaayqcGDosANjceOIC3GA=="],

    "@types/bun": ["@types/bun@1.2.13", "", { "dependencies": { "bun-types": "1.2.13" } }, "sha512-u6vXep/i9VBxoJl3GjZsl/BFIsvML8DfVDO0RYLEwtSZSp981kEO1V5NwRcO1CPJ7AmvpbnDCiMKo3JvbDEjAg=="],

    "@types/node": ["@types/node@22.15.18", "", { "dependencies": { "undici-types": "~6.21.0" } }, "sha512-v1DKRfUdyW+jJhZNEI1PYy29S2YRxMV5AOO/x/SjKmW0acCIOqmbj6Haf9eHAhsPmrhlHSxEhv/1WszcLWV4cg=="],

    "bun-types": ["bun-types@1.2.13", "", { "dependencies": { "@types/node": "*" } }, "sha512-rRjA1T6n7wto4gxhAO/ErZEtOXyEZEmnIHQfl0Dt1QQSB4QV0iP6BZ9/YB5fZaHFQ2dwHFrmPaRQ9GGMX01k9Q=="],

    "cookie": ["cookie@1.0.2", "", {}, "sha512-9Kr/j4O16ISv8zBBhJoi4bXOYNTkFLOqSL3UDB0njXxCXNezjeyVrJyGOWtgfs/q2km1gwBcfH8q1yEGoMYunA=="],

    "hono": ["hono@4.7.9", "", {}, "sha512-/EsCoR5h7N4yu01TDu9GMCCJa6ZLk5ZJIWFFGNawAXmd1Tp53+Wir4xm0D2X19bbykWUlzQG0+BvPAji6p9E8Q=="],

    "jiti": ["jiti@2.4.2", "", { "bin": { "jiti": "lib/jiti-cli.mjs" } }, "sha512-rg9zJN+G4n2nfJl5MW3BMygZX56zKPNVEYYqq7adpmMh4Jn2QNEwhvQlFy6jPVdcod7txZtKHWnyZiA3a0zP7A=="],

    "layerr": ["layerr@3.0.0", "", {}, "sha512-tv754Ki2dXpPVApOrjTyRo4/QegVb9eVFq4mjqp4+NM5NaX7syQvN5BBNfV/ZpAHCEHV24XdUVrBAoka4jt3pA=="],

    "prisma": ["prisma@6.8.2", "", { "dependencies": { "@prisma/config": "6.8.2", "@prisma/engines": "6.8.2" }, "peerDependencies": { "typescript": ">=5.1.0" }, "optionalPeers": ["typescript"], "bin": { "prisma": "build/index.js" } }, "sha512-JNricTXQxzDtRS7lCGGOB4g5DJ91eg3nozdubXze3LpcMl1oWwcFddrj++Up3jnRE6X/3gB/xz3V+ecBk/eEGA=="],

    "react": ["react@19.1.0", "", {}, "sha512-FS+XFBNvn3GTAWq26joslQgWNoFu08F4kl0J4CgdNKADkdSGXQyTCnKteIAJy96Br6YbpEU1LSzV5dYtjMkMDg=="],

    "react-dom": ["react-dom@19.1.0", "", { "dependencies": { "scheduler": "^0.26.0" }, "peerDependencies": { "react": "^19.1.0" } }, "sha512-Xs1hdnE+DyKgeHJeJznQmYMIBG3TKIHJJT95Q58nHLSrElKlGQqDTR2HQ9fx5CN/Gk6Vh/kupBTDLU11/nDk/g=="],

    "react-router": ["react-router@7.6.0", "", { "dependencies": { "cookie": "^1.0.1", "set-cookie-parser": "^2.6.0" }, "peerDependencies": { "react": ">=18", "react-dom": ">=18" }, "optionalPeers": ["react-dom"] }, "sha512-GGufuHIVCJDbnIAXP3P9Sxzq3UUsddG3rrI3ut1q6m0FI6vxVBF3JoPQ38+W/blslLH4a5Yutp8drkEpXoddGQ=="],

    "react-router-dom": ["react-router-dom@7.6.0", "", { "dependencies": { "react-router": "7.6.0" }, "peerDependencies": { "react": ">=18", "react-dom": ">=18" } }, "sha512-DYgm6RDEuKdopSyGOWZGtDfSm7Aofb8CCzgkliTjtu/eDuB0gcsv6qdFhhi8HdtmA+KHkt5MfZ5K2PdzjugYsA=="],

    "scheduler": ["scheduler@0.26.0", "", {}, "sha512-NlHwttCI/l5gCPR3D1nNXtWABUmBwvZpEQiD4IXSbIDq8BzLIK/7Ir5gTFSGZDUu37K5cMNp0hFtzO38sC7gWA=="],

    "set-cookie-parser": ["set-cookie-parser@2.7.1", "", {}, "sha512-IOc8uWeOZgnb3ptbCURJWNjWUPcO3ZnTTdzsurqERrP6nPyv+paC55vJM0LpOlT2ne+Ix+9+CRG1MNLlyZ4GjQ=="],

    "tailwindcss": ["tailwindcss@4.1.7", "", {}, "sha512-kr1o/ErIdNhTz8uzAYL7TpaUuzKIE6QPQ4qmSdxnoX/lo+5wmUHQA6h3L5yIqEImSRnAAURDirLu/BgiXGPAhg=="],

    "typescript": ["typescript@5.8.3", "", { "bin": { "tsc": "bin/tsc", "tsserver": "bin/tsserver" } }, "sha512-p1diW6TqL9L07nNxvRMM7hMMw4c5XOo/1ibL4aAIGmSAt9slTE1Xgw5KWuof2uTOvCg9BY7ZRi+GaF+7sfgPeQ=="],

    "ulidx": ["ulidx@2.4.1", "", { "dependencies": { "layerr": "^3.0.0" } }, "sha512-xY7c8LPyzvhvew0Fn+Ek3wBC9STZAuDI/Y5andCKi9AX6/jvfaX45PhsDX8oxgPL0YFp0Jhr8qWMbS/p9375Xg=="],

    "undici-types": ["undici-types@6.21.0", "", {}, "sha512-iwDZqg0QAGrg9Rav5H4n0M64c3mkR59cJ6wQp+7C4nI0gsmExaedaYLNO44eT4AtBBwjbTiGPMlt2Md0T9H9JQ=="],

    "zod": ["zod@3.24.4", "", {}, "sha512-OdqJE9UDRPwWsrHjLN2F8bPxvwJBK22EHLWtanu0LSYr5YqzsaaW3RMgmjwr8Rypg5k+meEJdSPXJZXE/yqOMg=="],
  }
}
